
Microsoft Visual Studio Solution File, Format Version 12.00
# Visual Studio Version 17
VisualStudioVersion = 17.0.31903.59
MinimumVisualStudioVersion = 10.0.40219.1
Project("{FAE04EC0-301F-11D3-BF4B-00C04F79EFBC}") = "lesta_AutoBattler", "lesta_AutoBattler\lesta_AutoBattler.csproj", "{0B84C6AF-963A-4125-85E7-0E2FC278494D}"
EndProject
Global
	GlobalSection(SolutionConfigurationPlatforms) = preSolution
		Debug|Any CPU = Debug|Any CPU
		Release|Any CPU = Release|Any CPU
	EndGlobalSection
	GlobalSection(SolutionProperties) = preSolution
		HideSolutionNode = FALSE
	EndGlobalSection
	GlobalSection(ProjectConfigurationPlatforms) = postSolution
		{0B84C6AF-963A-4125-85E7-0E2FC278494D}.Debug|Any CPU.ActiveCfg = Debug|Any CPU
		{0B84C6AF-963A-4125-85E7-0E2FC278494D}.Debug|Any CPU.Build.0 = Debug|Any CPU
		{0B84C6AF-963A-4125-85E7-0E2FC278494D}.Release|Any CPU.ActiveCfg = Release|Any CPU
		{0B84C6AF-963A-4125-85E7-0E2FC278494D}.Release|Any CPU.Build.0 = Release|Any CPU
	EndGlobalSection
EndGlobal
